
Microsoft Visual Studio Solution File, Format Version 12.00
# Visual Studio Version 16
VisualStudioVersion = 16.0.32630.194
MinimumVisualStudioVersion = 10.0.40219.1
Project("{FAE04EC0-301F-11D3-BF4B-00C04F79EFBC}") = "ERPSystemMVCApp", "ERPSystemMVCApp\ERPSystemMVCApp.csproj", "{92C139B1-9FEE-46CD-AE59-A9FD3E5CE805}"
EndProject
Global
	GlobalSection(SolutionConfigurationPlatforms) = preSolution
		Debug|Any CPU = Debug|Any CPU
		Release|Any CPU = Release|Any CPU
	EndGlobalSection
	GlobalSection(ProjectConfigurationPlatforms) = postSolution
		{92C139B1-9FEE-46CD-AE59-A9FD3E5CE805}.Debug|Any CPU.ActiveCfg = Debug|Any CPU
		{92C139B1-9FEE-46CD-AE59-A9FD3E5CE805}.Debug|Any CPU.Build.0 = Debug|Any CPU
		{92C139B1-9FEE-46CD-AE59-A9FD3E5CE805}.Release|Any CPU.ActiveCfg = Release|Any CPU
		{92C139B1-9FEE-46CD-AE59-A9FD3E5CE805}.Release|Any CPU.Build.0 = Release|Any CPU
	EndGlobalSection
	GlobalSection(SolutionProperties) = preSolution
		HideSolutionNode = FALSE
	EndGlobalSection
	GlobalSection(ExtensibilityGlobals) = postSolution
		SolutionGuid = {BCE7B1FF-A1AA-44E3-B974-B9FC1E73F10B}
	EndGlobalSection
EndGlobal
